
Microsoft Visual Studio Solution File, Format Version 12.00
# Visual Studio Version 17
VisualStudioVersion = 17.9.34622.214
MinimumVisualStudioVersion = 10.0.40219.1
Project("{888888A0-9F3D-457C-B088-3A5042F75D52}") = "depi1", "depi1\depi1.pyproj", "{07F9426E-37CA-4E16-8F1C-133156840754}"
EndProject
Global
	GlobalSection(SolutionConfigurationPlatforms) = preSolution
		Debug|Any CPU = Debug|Any CPU
		Release|Any CPU = Release|Any CPU
	EndGlobalSection
	GlobalSection(ProjectConfigurationPlatforms) = postSolution
		{07F9426E-37CA-4E16-8F1C-133156840754}.Debug|Any CPU.ActiveCfg = Debug|Any CPU
		{07F9426E-37CA-4E16-8F1C-133156840754}.Release|Any CPU.ActiveCfg = Release|Any CPU
	EndGlobalSection
	GlobalSection(SolutionProperties) = preSolution
		HideSolutionNode = FALSE
	EndGlobalSection
	GlobalSection(ExtensibilityGlobals) = postSolution
		SolutionGuid = {21DCACD4-FFC9-45FA-8B97-90177B0D424F}
	EndGlobalSection
EndGlobal
